
Microsoft Visual Studio Solution File, Format Version 12.00
# Visual Studio Version 17
VisualStudioVersion = 17.3.32901.215
MinimumVisualStudioVersion = 10.0.40219.1
Project("{FAE04EC0-301F-11D3-BF4B-00C04F79EFBC}") = "PROG8170Assign2", "PROG8170Assign2.csproj", "{671438B0-3A07-4C55-8FD5-5D41E1E43538}"
EndProject
Project("{FAE04EC0-301F-11D3-BF4B-00C04F79EFBC}") = "PROG8170Assign2.Tests", "..\PROG8170Assign2.Tests\PROG8170Assign2.Tests.csproj", "{FB78BD1C-82D4-4E98-938D-F642EEF48602}"
EndProject
Global
	GlobalSection(SolutionConfigurationPlatforms) = preSolution
		Debug|Any CPU = Debug|Any CPU
		Release|Any CPU = Release|Any CPU
	EndGlobalSection
	GlobalSection(ProjectConfigurationPlatforms) = postSolution
		{671438B0-3A07-4C55-8FD5-5D41E1E43538}.Debug|Any CPU.ActiveCfg = Debug|Any CPU
		{671438B0-3A07-4C55-8FD5-5D41E1E43538}.Debug|Any CPU.Build.0 = Debug|Any CPU
		{671438B0-3A07-4C55-8FD5-5D41E1E43538}.Release|Any CPU.ActiveCfg = Release|Any CPU
		{671438B0-3A07-4C55-8FD5-5D41E1E43538}.Release|Any CPU.Build.0 = Release|Any CPU
		{FB78BD1C-82D4-4E98-938D-F642EEF48602}.Debug|Any CPU.ActiveCfg = Debug|Any CPU
		{FB78BD1C-82D4-4E98-938D-F642EEF48602}.Debug|Any CPU.Build.0 = Debug|Any CPU
		{FB78BD1C-82D4-4E98-938D-F642EEF48602}.Release|Any CPU.ActiveCfg = Release|Any CPU
		{FB78BD1C-82D4-4E98-938D-F642EEF48602}.Release|Any CPU.Build.0 = Release|Any CPU
	EndGlobalSection
	GlobalSection(SolutionProperties) = preSolution
		HideSolutionNode = FALSE
	EndGlobalSection
	GlobalSection(ExtensibilityGlobals) = postSolution
		SolutionGuid = {07710F6A-1923-42FD-8177-CE4DD5CA92D4}
	EndGlobalSection
EndGlobal
